// !$*UTF8*$!
{
	archiveVersion = 1;
	classes = {
	};
	objectVersion = 56;
	objects = {

/* Begin PBXBuildFile section */
		51B9A0032CD3FE7100BCB6BE /* AppDelegate.swift in Sources */ = {isa = PBXBuildFile; fileRef = 51B9A0022CD3FE7100BCB6BE /* AppDelegate.swift */; };
		51B9A0052CD3FE7100BCB6BE /* SceneDelegate.swift in Sources */ = {isa = PBXBuildFile; fileRef = 51B9A0042CD3FE7100BCB6BE /* SceneDelegate.swift */; };
		51B9A0072CD3FE7100BCB6BE /* WeatherViewController.swift in Sources */ = {isa = PBXBuildFile; fileRef = 51B9A0062CD3FE7100BCB6BE /* WeatherViewController.swift */; };
		51B9A00C2CD3FE7200BCB6BE /* Assets.xcassets in Resources */ = {isa = PBXBuildFile; fileRef = 51B9A00B2CD3FE7200BCB6BE /* Assets.xcassets */; };
		51B9A00F2CD3FE7200BCB6BE /* LaunchScreen.storyboard in Resources */ = {isa = PBXBuildFile; fileRef = 51B9A00D2CD3FE7200BCB6BE /* LaunchScreen.storyboard */; };
		51B9A01E2CD401AB00BCB6BE /* LocationManager.swift in Sources */ = {isa = PBXBuildFile; fileRef = 51B9A01D2CD401AB00BCB6BE /* LocationManager.swift */; };
		51B9A0202CD401BE00BCB6BE /* IAPManager.swift in Sources */ = {isa = PBXBuildFile; fileRef = 51B9A01F2CD401BE00BCB6BE /* IAPManager.swift */; };
		51B9A0222CD401D900BCB6BE /* WeatherManager.swift in Sources */ = {isa = PBXBuildFile; fileRef = 51B9A0212CD401D900BCB6BE /* WeatherManager.swift */; };
		51B9A0242CD4049700BCB6BE /* SettingsViewController.swift in Sources */ = {isa = PBXBuildFile; fileRef = 51B9A0232CD4049700BCB6BE /* SettingsViewController.swift */; };
		51B9A02C2CD4055C00BCB6BE /* TabViewController.swift in Sources */ = {isa = PBXBuildFile; fileRef = 51B9A02B2CD4055C00BCB6BE /* TabViewController.swift */; };
/* End PBXBuildFile section */

/* Begin PBXFileReference section */
		51B99FFF2CD3FE7100BCB6BE /* brightsky.app */ = {isa = PBXFileReference; explicitFileType = wrapper.application; includeInIndex = 0; path = brightsky.app; sourceTree = BUILT_PRODUCTS_DIR; };
		51B9A0022CD3FE7100BCB6BE /* AppDelegate.swift */ = {isa = PBXFileReference; lastKnownFileType = sourcecode.swift; path = AppDelegate.swift; sourceTree = "<group>"; };
		51B9A0042CD3FE7100BCB6BE /* SceneDelegate.swift */ = {isa = PBXFileReference; lastKnownFileType = sourcecode.swift; path = SceneDelegate.swift; sourceTree = "<group>"; };
		51B9A0062CD3FE7100BCB6BE /* WeatherViewController.swift */ = {isa = PBXFileReference; lastKnownFileType = sourcecode.swift; path = WeatherViewController.swift; sourceTree = "<group>"; };
		51B9A00B2CD3FE7200BCB6BE /* Assets.xcassets */ = {isa = PBXFileReference; lastKnownFileType = folder.assetcatalog; path = Assets.xcassets; sourceTree = "<group>"; };
		51B9A00E2CD3FE7200BCB6BE /* Base */ = {isa = PBXFileReference; lastKnownFileType = file.storyboard; name = Base; path = Base.lproj/LaunchScreen.storyboard; sourceTree = "<group>"; };
		51B9A0102CD3FE7200BCB6BE /* Info.plist */ = {isa = PBXFileReference; lastKnownFileType = text.plist.xml; path = Info.plist; sourceTree = "<group>"; };
		51B9A0162CD3FF9B00BCB6BE /* brightsky.entitlements */ = {isa = PBXFileReference; lastKnownFileType = text.plist.entitlements; path = brightsky.entitlements; sourceTree = "<group>"; };
		51B9A01D2CD401AB00BCB6BE /* LocationManager.swift */ = {isa = PBXFileReference; lastKnownFileType = sourcecode.swift; path = LocationManager.swift; sourceTree = "<group>"; };
		51B9A01F2CD401BE00BCB6BE /* IAPManager.swift */ = {isa = PBXFileReference; lastKnownFileType = sourcecode.swift; path = IAPManager.swift; sourceTree = "<group>"; };
		51B9A0212CD401D900BCB6BE /* WeatherManager.swift */ = {isa = PBXFileReference; lastKnownFileType = sourcecode.swift; path = WeatherManager.swift; sourceTree = "<group>"; };
		51B9A0232CD4049700BCB6BE /* SettingsViewController.swift */ = {isa = PBXFileReference; lastKnownFileType = sourcecode.swift; path = SettingsViewController.swift; sourceTree = "<group>"; };
		51B9A02B2CD4055C00BCB6BE /* TabViewController.swift */ = {isa = PBXFileReference; lastKnownFileType = sourcecode.swift; path = TabViewController.swift; sourceTree = "<group>"; };
/* End PBXFileReference section */

/* Begin PBXFrameworksBuildPhase section */
		51B99FFC2CD3FE7100BCB6BE /* Frameworks */ = {
			isa = PBXFrameworksBuildPhase;
			buildActionMask = 2147483647;
			files = (
			);
			runOnlyForDeploymentPostprocessing = 0;
		};
/* End PBXFrameworksBuildPhase section */

/* Begin PBXGroup section */
		51B99FF62CD3FE7100BCB6BE = {
			isa = PBXGroup;
			children = (
				51B9A0012CD3FE7100BCB6BE /* brightsky */,
				51B9A0002CD3FE7100BCB6BE /* Products */,
			);
			sourceTree = "<group>";
		};
		51B9A0002CD3FE7100BCB6BE /* Products */ = {
			isa = PBXGroup;
			children = (
				51B99FFF2CD3FE7100BCB6BE /* brightsky.app */,
			);
			name = Products;
			sourceTree = "<group>";
		};
		51B9A0012CD3FE7100BCB6BE /* brightsky */ = {
			isa = PBXGroup;
			children = (
				51B9A01C2CD4012000BCB6BE /* Managers */,
				51B9A01B2CD400FF00BCB6BE /* Other */,
				51B9A01A2CD400F900BCB6BE /* Controllers */,
				51B9A0192CD400F100BCB6BE /* Models */,
				51B9A0182CD400E700BCB6BE /* ViewModels */,
				51B9A0172CD400D200BCB6BE /* Views */,
				51B9A0162CD3FF9B00BCB6BE /* brightsky.entitlements */,
				51B9A0102CD3FE7200BCB6BE /* Info.plist */,
			);
			path = brightsky;
			sourceTree = "<group>";
		};
		51B9A0172CD400D200BCB6BE /* Views */ = {
			isa = PBXGroup;
			children = (
			);
			path = Views;
			sourceTree = "<group>";
		};
		51B9A0182CD400E700BCB6BE /* ViewModels */ = {
			isa = PBXGroup;
			children = (
			);
			path = ViewModels;
			sourceTree = "<group>";
		};
		51B9A0192CD400F100BCB6BE /* Models */ = {
			isa = PBXGroup;
			children = (
			);
			path = Models;
			sourceTree = "<group>";
		};
		51B9A01A2CD400F900BCB6BE /* Controllers */ = {
			isa = PBXGroup;
			children = (
				51B9A0062CD3FE7100BCB6BE /* WeatherViewController.swift */,
				51B9A0232CD4049700BCB6BE /* SettingsViewController.swift */,
				51B9A02B2CD4055C00BCB6BE /* TabViewController.swift */,
			);
			path = Controllers;
			sourceTree = "<group>";
		};
		51B9A01B2CD400FF00BCB6BE /* Other */ = {
			isa = PBXGroup;
			children = (
				51B9A00B2CD3FE7200BCB6BE /* Assets.xcassets */,
				51B9A00D2CD3FE7200BCB6BE /* LaunchScreen.storyboard */,
				51B9A0022CD3FE7100BCB6BE /* AppDelegate.swift */,
				51B9A0042CD3FE7100BCB6BE /* SceneDelegate.swift */,
			);
			path = Other;
			sourceTree = "<group>";
		};
		51B9A01C2CD4012000BCB6BE /* Managers */ = {
			isa = PBXGroup;
			children = (
				51B9A01D2CD401AB00BCB6BE /* LocationManager.swift */,
				51B9A01F2CD401BE00BCB6BE /* IAPManager.swift */,
				51B9A0212CD401D900BCB6BE /* WeatherManager.swift */,
			);
			path = Managers;
			sourceTree = "<group>";
		};
/* End PBXGroup section */

/* Begin PBXNativeTarget section */
		51B99FFE2CD3FE7100BCB6BE /* brightsky */ = {
			isa = PBXNativeTarget;
			buildConfigurationList = 51B9A0132CD3FE7200BCB6BE /* Build configuration list for PBXNativeTarget "brightsky" */;
			buildPhases = (
				51B99FFB2CD3FE7100BCB6BE /* Sources */,
				51B99FFC2CD3FE7100BCB6BE /* Frameworks */,
				51B99FFD2CD3FE7100BCB6BE /* Resources */,
			);
			buildRules = (
			);
			dependencies = (
			);
			name = brightsky;
			productName = brightsky;
			productReference = 51B99FFF2CD3FE7100BCB6BE /* brightsky.app */;
			productType = "com.apple.product-type.application";
		};
/* End PBXNativeTarget section */

/* Begin PBXProject section */
		51B99FF72CD3FE7100BCB6BE /* Project object */ = {
			isa = PBXProject;
			attributes = {
				BuildIndependentTargetsInParallel = 1;
				LastSwiftUpdateCheck = 1430;
				LastUpgradeCheck = 1430;
				TargetAttributes = {
					51B99FFE2CD3FE7100BCB6BE = {
						CreatedOnToolsVersion = 14.3.1;
					};
				};
			};
			buildConfigurationList = 51B99FFA2CD3FE7100BCB6BE /* Build configuration list for PBXProject "brightsky" */;
			compatibilityVersion = "Xcode 14.0";
			developmentRegion = en;
			hasScannedForEncodings = 0;
			knownRegions = (
				en,
				Base,
			);
			mainGroup = 51B99FF62CD3FE7100BCB6BE;
			productRefGroup = 51B9A0002CD3FE7100BCB6BE /* Products */;
			projectDirPath = "";
			projectRoot = "";
			targets = (
				51B99FFE2CD3FE7100BCB6BE /* brightsky */,
			);
		};
/* End PBXProject section */

/* Begin PBXResourcesBuildPhase section */
		51B99FFD2CD3FE7100BCB6BE /* Resources */ = {
			isa = PBXResourcesBuildPhase;
			buildActionMask = 2147483647;
			files = (
				51B9A00F2CD3FE7200BCB6BE /* LaunchScreen.storyboard in Resources */,
				51B9A00C2CD3FE7200BCB6BE /* Assets.xcassets in Resources */,
			);
			runOnlyForDeploymentPostprocessing = 0;
		};
/* End PBXResourcesBuildPhase section */

/* Begin PBXSourcesBuildPhase section */
		51B99FFB2CD3FE7100BCB6BE /* Sources */ = {
			isa = PBXSourcesBuildPhase;
			buildActionMask = 2147483647;
			files = (
				51B9A02C2CD4055C00BCB6BE /* TabViewController.swift in Sources */,
				51B9A0222CD401D900BCB6BE /* WeatherManager.swift in Sources */,
				51B9A01E2CD401AB00BCB6BE /* LocationManager.swift in Sources */,
				51B9A0242CD4049700BCB6BE /* SettingsViewController.swift in Sources */,
				51B9A0202CD401BE00BCB6BE /* IAPManager.swift in Sources */,
				51B9A0072CD3FE7100BCB6BE /* WeatherViewController.swift in Sources */,
				51B9A0032CD3FE7100BCB6BE /* AppDelegate.swift in Sources */,
				51B9A0052CD3FE7100BCB6BE /* SceneDelegate.swift in Sources */,
			);
			runOnlyForDeploymentPostprocessing = 0;
		};
/* End PBXSourcesBuildPhase section */

/* Begin PBXVariantGroup section */
		51B9A00D2CD3FE7200BCB6BE /* LaunchScreen.storyboard */ = {
			isa = PBXVariantGroup;
			children = (
				51B9A00E2CD3FE7200BCB6BE /* Base */,
			);
			name = LaunchScreen.storyboard;
			sourceTree = "<group>";
		};
/* End PBXVariantGroup section */

/* Begin XCBuildConfiguration section */
		51B9A0112CD3FE7200BCB6BE /* Debug */ = {
			isa = XCBuildConfiguration;
			buildSettings = {
				ALWAYS_SEARCH_USER_PATHS = NO;
				CLANG_ANALYZER_NONNULL = YES;
				CLANG_ANALYZER_NUMBER_OBJECT_CONVERSION = YES_AGGRESSIVE;
				CLANG_CXX_LANGUAGE_STANDARD = "gnu++20";
				CLANG_ENABLE_MODULES = YES;
				CLANG_ENABLE_OBJC_ARC = YES;
				CLANG_ENABLE_OBJC_WEAK = YES;
				CLANG_WARN_BLOCK_CAPTURE_AUTORELEASING = YES;
				CLANG_WARN_BOOL_CONVERSION = YES;
				CLANG_WARN_COMMA = YES;
				CLANG_WARN_CONSTANT_CONVERSION = YES;
				CLANG_WARN_DEPRECATED_OBJC_IMPLEMENTATIONS = YES;
				CLANG_WARN_DIRECT_OBJC_ISA_USAGE = YES_ERROR;
				CLANG_WARN_DOCUMENTATION_COMMENTS = YES;
				CLANG_WARN_EMPTY_BODY = YES;
				CLANG_WARN_ENUM_CONVERSION = YES;
				CLANG_WARN_INFINITE_RECURSION = YES;
				CLANG_WARN_INT_CONVERSION = YES;
				CLANG_WARN_NON_LITERAL_NULL_CONVERSION = YES;
				CLANG_WARN_OBJC_IMPLICIT_RETAIN_SELF = YES;
				CLANG_WARN_OBJC_LITERAL_CONVERSION = YES;
				CLANG_WARN_OBJC_ROOT_CLASS = YES_ERROR;
				CLANG_WARN_QUOTED_INCLUDE_IN_FRAMEWORK_HEADER = YES;
				CLANG_WARN_RANGE_LOOP_ANALYSIS = YES;
				CLANG_WARN_STRICT_PROTOTYPES = YES;
				CLANG_WARN_SUSPICIOUS_MOVE = YES;
				CLANG_WARN_UNGUARDED_AVAILABILITY = YES_AGGRESSIVE;
				CLANG_WARN_UNREACHABLE_CODE = YES;
				CLANG_WARN__DUPLICATE_METHOD_MATCH = YES;
				COPY_PHASE_STRIP = NO;
				DEBUG_INFORMATION_FORMAT = dwarf;
				ENABLE_STRICT_OBJC_MSGSEND = YES;
				ENABLE_TESTABILITY = YES;
				GCC_C_LANGUAGE_STANDARD = gnu11;
				GCC_DYNAMIC_NO_PIC = NO;
				GCC_NO_COMMON_BLOCKS = YES;
				GCC_OPTIMIZATION_LEVEL = 0;
				GCC_PREPROCESSOR_DEFINITIONS = (
					"DEBUG=1",
					"$(inherited)",
				);
				GCC_WARN_64_TO_32_BIT_CONVERSION = YES;
				GCC_WARN_ABOUT_RETURN_TYPE = YES_ERROR;
				GCC_WARN_UNDECLARED_SELECTOR = YES;
				GCC_WARN_UNINITIALIZED_AUTOS = YES_AGGRESSIVE;
				GCC_WARN_UNUSED_FUNCTION = YES;
				GCC_WARN_UNUSED_VARIABLE = YES;
				IPHONEOS_DEPLOYMENT_TARGET = 16.4;
				MTL_ENABLE_DEBUG_INFO = INCLUDE_SOURCE;
				MTL_FAST_MATH = YES;
				ONLY_ACTIVE_ARCH = YES;
				SDKROOT = iphoneos;
				SWIFT_ACTIVE_COMPILATION_CONDITIONS = DEBUG;
				SWIFT_OPTIMIZATION_LEVEL = "-Onone";
			};
			name = Debug;
		};
		51B9A0122CD3FE7200BCB6BE /* Release */ = {
			isa = XCBuildConfiguration;
			buildSettings = {
				ALWAYS_SEARCH_USER_PATHS = NO;
				CLANG_ANALYZER_NONNULL = YES;
				CLANG_ANALYZER_NUMBER_OBJECT_CONVERSION = YES_AGGRESSIVE;
				CLANG_CXX_LANGUAGE_STANDARD = "gnu++20";
				CLANG_ENABLE_MODULES = YES;
				CLANG_ENABLE_OBJC_ARC = YES;
				CLANG_ENABLE_OBJC_WEAK = YES;
				CLANG_WARN_BLOCK_CAPTURE_AUTORELEASING = YES;
				CLANG_WARN_BOOL_CONVERSION = YES;
				CLANG_WARN_COMMA = YES;
				CLANG_WARN_CONSTANT_CONVERSION = YES;
				CLANG_WARN_DEPRECATED_OBJC_IMPLEMENTATIONS = YES;
				CLANG_WARN_DIRECT_OBJC_ISA_USAGE = YES_ERROR;
				CLANG_WARN_DOCUMENTATION_COMMENTS = YES;
				CLANG_WARN_EMPTY_BODY = YES;
				CLANG_WARN_ENUM_CONVERSION = YES;
				CLANG_WARN_INFINITE_RECURSION = YES;
				CLANG_WARN_INT_CONVERSION = YES;
				CLANG_WARN_NON_LITERAL_NULL_CONVERSION = YES;
				CLANG_WARN_OBJC_IMPLICIT_RETAIN_SELF = YES;
				CLANG_WARN_OBJC_LITERAL_CONVERSION = YES;
				CLANG_WARN_OBJC_ROOT_CLASS = YES_ERROR;
				CLANG_WARN_QUOTED_INCLUDE_IN_FRAMEWORK_HEADER = YES;
				CLANG_WARN_RANGE_LOOP_ANALYSIS = YES;
				CLANG_WARN_STRICT_PROTOTYPES = YES;
				CLANG_WARN_SUSPICIOUS_MOVE = YES;
				CLANG_WARN_UNGUARDED_AVAILABILITY = YES_AGGRESSIVE;
				CLANG_WARN_UNREACHABLE_CODE = YES;
				CLANG_WARN__DUPLICATE_METHOD_MATCH = YES;
				COPY_PHASE_STRIP = NO;
				DEBUG_INFORMATION_FORMAT = "dwarf-with-dsym";
				ENABLE_NS_ASSERTIONS = NO;
				ENABLE_STRICT_OBJC_MSGSEND = YES;
				GCC_C_LANGUAGE_STANDARD = gnu11;
				GCC_NO_COMMON_BLOCKS = YES;
				GCC_WARN_64_TO_32_BIT_CONVERSION = YES;
				GCC_WARN_ABOUT_RETURN_TYPE = YES_ERROR;
				GCC_WARN_UNDECLARED_SELECTOR = YES;
				GCC_WARN_UNINITIALIZED_AUTOS = YES_AGGRESSIVE;
				GCC_WARN_UNUSED_FUNCTION = YES;
				GCC_WARN_UNUSED_VARIABLE = YES;
				IPHONEOS_DEPLOYMENT_TARGET = 16.4;
				MTL_ENABLE_DEBUG_INFO = NO;
				MTL_FAST_MATH = YES;
				SDKROOT = iphoneos;
				SWIFT_COMPILATION_MODE = wholemodule;
				SWIFT_OPTIMIZATION_LEVEL = "-O";
				VALIDATE_PRODUCT = YES;
			};
			name = Release;
		};
		51B9A0142CD3FE7200BCB6BE /* Debug */ = {
			isa = XCBuildConfiguration;
			buildSettings = {
				ASSETCATALOG_COMPILER_APPICON_NAME = AppIcon;
				ASSETCATALOG_COMPILER_GLOBAL_ACCENT_COLOR_NAME = AccentColor;
				CODE_SIGN_ENTITLEMENTS = brightsky/brightsky.entitlements;
				CODE_SIGN_IDENTITY = "Apple Development";
				CODE_SIGN_STYLE = Automatic;
				CURRENT_PROJECT_VERSION = 1;
				DEVELOPMENT_TEAM = "";
				GENERATE_INFOPLIST_FILE = YES;
				INFOPLIST_FILE = brightsky/Info.plist;
				INFOPLIST_KEY_UIApplicationSupportsIndirectInputEvents = YES;
				INFOPLIST_KEY_UILaunchStoryboardName = LaunchScreen;
				INFOPLIST_KEY_UISupportedInterfaceOrientations_iPad = "UIInterfaceOrientationPortrait UIInterfaceOrientationPortraitUpsideDown UIInterfaceOrientationLandscapeLeft UIInterfaceOrientationLandscapeRight";
				INFOPLIST_KEY_UISupportedInterfaceOrientations_iPhone = "UIInterfaceOrientationPortrait UIInterfaceOrientationLandscapeLeft UIInterfaceOrientationLandscapeRight";
				LD_RUNPATH_SEARCH_PATHS = (
					"$(inherited)",
					"@executable_path/Frameworks",
				);
				MARKETING_VERSION = 1.0;
				PRODUCT_BUNDLE_IDENTIFIER = com.dfcapps.brightsky;
				PRODUCT_NAME = "$(TARGET_NAME)";
				PROVISIONING_PROFILE_SPECIFIER = "";
				SWIFT_EMIT_LOC_STRINGS = YES;
				SWIFT_VERSION = 5.0;
				TARGETED_DEVICE_FAMILY = "1,2";
			};
			name = Debug;
		};
		51B9A0152CD3FE7200BCB6BE /* Release */ = {
			isa = XCBuildConfiguration;
			buildSettings = {
				ASSETCATALOG_COMPILER_APPICON_NAME = AppIcon;
				ASSETCATALOG_COMPILER_GLOBAL_ACCENT_COLOR_NAME = AccentColor;
				CODE_SIGN_ENTITLEMENTS = brightsky/brightsky.entitlements;
				CODE_SIGN_IDENTITY = "Apple Development";
				CODE_SIGN_STYLE = Automatic;
				CURRENT_PROJECT_VERSION = 1;
				DEVELOPMENT_TEAM = "";
				GENERATE_INFOPLIST_FILE = YES;
				INFOPLIST_FILE = brightsky/Info.plist;
				INFOPLIST_KEY_UIApplicationSupportsIndirectInputEvents = YES;
				INFOPLIST_KEY_UILaunchStoryboardName = LaunchScreen;
				INFOPLIST_KEY_UISupportedInterfaceOrientations_iPad = "UIInterfaceOrientationPortrait UIInterfaceOrientationPortraitUpsideDown UIInterfaceOrientationLandscapeLeft UIInterfaceOrientationLandscapeRight";
				INFOPLIST_KEY_UISupportedInterfaceOrientations_iPhone = "UIInterfaceOrientationPortrait UIInterfaceOrientationLandscapeLeft UIInterfaceOrientationLandscapeRight";
				LD_RUNPATH_SEARCH_PATHS = (
					"$(inherited)",
					"@executable_path/Frameworks",
				);
				MARKETING_VERSION = 1.0;
				PRODUCT_BUNDLE_IDENTIFIER = com.dfcapps.brightsky;
				PRODUCT_NAME = "$(TARGET_NAME)";
				PROVISIONING_PROFILE_SPECIFIER = "";
				SWIFT_EMIT_LOC_STRINGS = YES;
				SWIFT_VERSION = 5.0;
				TARGETED_DEVICE_FAMILY = "1,2";
			};
			name = Release;
		};
/* End XCBuildConfiguration section */

/* Begin XCConfigurationList section */
		51B99FFA2CD3FE7100BCB6BE /* Build configuration list for PBXProject "brightsky" */ = {
			isa = XCConfigurationList;
			buildConfigurations = (
				51B9A0112CD3FE7200BCB6BE /* Debug */,
				51B9A0122CD3FE7200BCB6BE /* Release */,
			);
			defaultConfigurationIsVisible = 0;
			defaultConfigurationName = Release;
		};
		51B9A0132CD3FE7200BCB6BE /* Build configuration list for PBXNativeTarget "brightsky" */ = {
			isa = XCConfigurationList;
			buildConfigurations = (
				51B9A0142CD3FE7200BCB6BE /* Debug */,
				51B9A0152CD3FE7200BCB6BE /* Release */,
			);
			defaultConfigurationIsVisible = 0;
			defaultConfigurationName = Release;
		};
/* End XCConfigurationList section */
	};
	rootObject = 51B99FF72CD3FE7100BCB6BE /* Project object */;
}
